// !$*UTF8*$!
{
	archiveVersion = 1;
	classes = {
	};
	objectVersion = 48;
	objects = {

/* Begin PBXBuildFile section */
		4C4FD6D27D0A790EA33C36DA /* Pods_ThreeDScanner.framework in Frameworks */ = {isa = PBXBuildFile; fileRef = E1A3A8D013ACA949EB5C45A8 /* Pods_ThreeDScanner.framework */; };
		B0045310207401CB00B70F84 /* SurfaceExporter.swift in Sources */ = {isa = PBXBuildFile; fileRef = B004530F207401CB00B70F84 /* SurfaceExporter.swift */; };
		B0045314207435FE00B70F84 /* ScanningConstants.swift in Sources */ = {isa = PBXBuildFile; fileRef = B0045313207435FE00B70F84 /* ScanningConstants.swift */; };
		B00453162074370500B70F84 /* PointCloud.swift in Sources */ = {isa = PBXBuildFile; fileRef = B00453152074370500B70F84 /* PointCloud.swift */; };
		B026315A20BC574D0075707F /* CameraButton.swift in Sources */ = {isa = PBXBuildFile; fileRef = B026315920BC574D0075707F /* CameraButton.swift */; };
		B02AC9FF1FED6F020025F835 /* GoogleService-Info.plist in Resources */ = {isa = PBXBuildFile; fileRef = B02AC9FE1FED6F020025F835 /* GoogleService-Info.plist */; };
		B0387AE120B73180001B556C /* TransparentCoachMarkBodyView.swift in Sources */ = {isa = PBXBuildFile; fileRef = B0387AE020B73180001B556C /* TransparentCoachMarkBodyView.swift */; };
		B0387AE320B73204001B556C /* TransparentCoachMarkArrowView.swift in Sources */ = {isa = PBXBuildFile; fileRef = B0387AE220B73204001B556C /* TransparentCoachMarkArrowView.swift */; };
		B03EDABD207307F200912531 /* XYZStringFormatter.swift in Sources */ = {isa = PBXBuildFile; fileRef = B03EDABC207307F200912531 /* XYZStringFormatter.swift */; };
		B03EDABF2073253C00912531 /* GoogleDriveUploader.swift in Sources */ = {isa = PBXBuildFile; fileRef = B03EDABE2073253C00912531 /* GoogleDriveUploader.swift */; };
		B063CB161FC744A100C20C8D /* AppDelegate.swift in Sources */ = {isa = PBXBuildFile; fileRef = B063CB151FC744A100C20C8D /* AppDelegate.swift */; };
		B063CB181FC744A100C20C8D /* art.scnassets in Resources */ = {isa = PBXBuildFile; fileRef = B063CB171FC744A100C20C8D /* art.scnassets */; };
		B063CB1A1FC744A100C20C8D /* ScanningViewController.swift in Sources */ = {isa = PBXBuildFile; fileRef = B063CB191FC744A100C20C8D /* ScanningViewController.swift */; };
		B063CB1D1FC744A100C20C8D /* Main.storyboard in Resources */ = {isa = PBXBuildFile; fileRef = B063CB1B1FC744A100C20C8D /* Main.storyboard */; };
		B063CB1F1FC744A100C20C8D /* Assets.xcassets in Resources */ = {isa = PBXBuildFile; fileRef = B063CB1E1FC744A100C20C8D /* Assets.xcassets */; };
		B063CB221FC744A100C20C8D /* LaunchScreen.storyboard in Resources */ = {isa = PBXBuildFile; fileRef = B063CB201FC744A100C20C8D /* LaunchScreen.storyboard */; };
		B063CB2D1FC744A100C20C8D /* ThreeDScannerTests.swift in Sources */ = {isa = PBXBuildFile; fileRef = B063CB2C1FC744A100C20C8D /* ThreeDScannerTests.swift */; };
		B063CB381FC744A100C20C8D /* ThreeDScannerUITests.swift in Sources */ = {isa = PBXBuildFile; fileRef = B063CB371FC744A100C20C8D /* ThreeDScannerUITests.swift */; };
		B065E76F202E0A05003DD254 /* libpcl_surface.a in Frameworks */ = {isa = PBXBuildFile; fileRef = B065E76D202E0A04003DD254 /* libpcl_surface.a */; };
		B065E770202E0A05003DD254 /* libpcl_features.a in Frameworks */ = {isa = PBXBuildFile; fileRef = B065E76E202E0A05003DD254 /* libpcl_features.a */; };
		B065E777202E1242003DD254 /* PCLWrapper.cpp in Sources */ = {isa = PBXBuildFile; fileRef = B065E775202E1242003DD254 /* PCLWrapper.cpp */; };
		B06EB54120755E700053C4AC /* GoogleDriveLogin.swift in Sources */ = {isa = PBXBuildFile; fileRef = B06EB54020755E700053C4AC /* GoogleDriveLogin.swift */; };
		B06EC47820334E2500508DCB /* libflann_cpp_s.a in Frameworks */ = {isa = PBXBuildFile; fileRef = B06EC47720334E2500508DCB /* libflann_cpp_s.a */; };
		B0BB31E02030D56700FADAA4 /* libboost_date_time.a in Frameworks */ = {isa = PBXBuildFile; fileRef = B0BB31D82030D56600FADAA4 /* libboost_date_time.a */; };
		B0BB31E12030D56700FADAA4 /* libboost_program_options.a in Frameworks */ = {isa = PBXBuildFile; fileRef = B0BB31D92030D56600FADAA4 /* libboost_program_options.a */; };
		B0BB31E22030D56700FADAA4 /* libboost_signals.a in Frameworks */ = {isa = PBXBuildFile; fileRef = B0BB31DA2030D56600FADAA4 /* libboost_signals.a */; };
		B0BB31E32030D56700FADAA4 /* libboost_filesystem.a in Frameworks */ = {isa = PBXBuildFile; fileRef = B0BB31DB2030D56700FADAA4 /* libboost_filesystem.a */; };
		B0BB31E42030D56700FADAA4 /* libboost_iostreams.a in Frameworks */ = {isa = PBXBuildFile; fileRef = B0BB31DC2030D56700FADAA4 /* libboost_iostreams.a */; };
		B0BB31E52030D56700FADAA4 /* libboost_thread.a in Frameworks */ = {isa = PBXBuildFile; fileRef = B0BB31DD2030D56700FADAA4 /* libboost_thread.a */; };
		B0BB31E62030D56700FADAA4 /* libboost_system.a in Frameworks */ = {isa = PBXBuildFile; fileRef = B0BB31DE2030D56700FADAA4 /* libboost_system.a */; };
		B0BB31E72030D56700FADAA4 /* libboost_regex.a in Frameworks */ = {isa = PBXBuildFile; fileRef = B0BB31DF2030D56700FADAA4 /* libboost_regex.a */; };
		B0BB31F62030D66B00FADAA4 /* libpcl_recognition.a in Frameworks */ = {isa = PBXBuildFile; fileRef = B0BB31E82030D66A00FADAA4 /* libpcl_recognition.a */; };
		B0BB31F72030D66B00FADAA4 /* libpcl_filters.a in Frameworks */ = {isa = PBXBuildFile; fileRef = B0BB31E92030D66A00FADAA4 /* libpcl_filters.a */; };
		B0BB31F82030D66B00FADAA4 /* libpcl_kdtree.a in Frameworks */ = {isa = PBXBuildFile; fileRef = B0BB31EA2030D66A00FADAA4 /* libpcl_kdtree.a */; };
		B0BB31F92030D66B00FADAA4 /* libpcl_registration.a in Frameworks */ = {isa = PBXBuildFile; fileRef = B0BB31EB2030D66A00FADAA4 /* libpcl_registration.a */; };
		B0BB31FA2030D66B00FADAA4 /* libpcl_search.a in Frameworks */ = {isa = PBXBuildFile; fileRef = B0BB31EC2030D66A00FADAA4 /* libpcl_search.a */; };
		B0BB31FB2030D66B00FADAA4 /* libpcl_keypoints.a in Frameworks */ = {isa = PBXBuildFile; fileRef = B0BB31ED2030D66A00FADAA4 /* libpcl_keypoints.a */; };
		B0BB31FC2030D66B00FADAA4 /* libpcl_segmentation.a in Frameworks */ = {isa = PBXBuildFile; fileRef = B0BB31EE2030D66A00FADAA4 /* libpcl_segmentation.a */; };
		B0BB31FD2030D66B00FADAA4 /* libpcl_io.a in Frameworks */ = {isa = PBXBuildFile; fileRef = B0BB31EF2030D66B00FADAA4 /* libpcl_io.a */; };
		B0BB31FE2030D66B00FADAA4 /* libpcl_octree.a in Frameworks */ = {isa = PBXBuildFile; fileRef = B0BB31F02030D66B00FADAA4 /* libpcl_octree.a */; };
		B0BB31FF2030D66B00FADAA4 /* libpcl_io_ply.a in Frameworks */ = {isa = PBXBuildFile; fileRef = B0BB31F12030D66B00FADAA4 /* libpcl_io_ply.a */; };
		B0BB32002030D66B00FADAA4 /* libpcl_stereo.a in Frameworks */ = {isa = PBXBuildFile; fileRef = B0BB31F22030D66B00FADAA4 /* libpcl_stereo.a */; };
		B0BB32012030D66B00FADAA4 /* libpcl_sample_consensus.a in Frameworks */ = {isa = PBXBuildFile; fileRef = B0BB31F32030D66B00FADAA4 /* libpcl_sample_consensus.a */; };
		B0BB32022030D66B00FADAA4 /* libpcl_ml.a in Frameworks */ = {isa = PBXBuildFile; fileRef = B0BB31F42030D66B00FADAA4 /* libpcl_ml.a */; };
		B0BB32032030D66B00FADAA4 /* libpcl_common.a in Frameworks */ = {isa = PBXBuildFile; fileRef = B0BB31F52030D66B00FADAA4 /* libpcl_common.a */; };
		B0FBDF7620B78C3100BF7EAA /* InstructionsText.swift in Sources */ = {isa = PBXBuildFile; fileRef = B0FBDF7520B78C3100BF7EAA /* InstructionsText.swift */; };
		B0FBDF7820B78CE800BF7EAA /* ScanningViewController+Instructions.swift in Sources */ = {isa = PBXBuildFile; fileRef = B0FBDF7720B78CE800BF7EAA /* ScanningViewController+Instructions.swift */; };
		B0FBDF7B20B7DD9300BF7EAA /* CustomCoachMarkSkipView.swift in Sources */ = {isa = PBXBuildFile; fileRef = B0FBDF7A20B7DD9300BF7EAA /* CustomCoachMarkSkipView.swift */; };
/* End PBXBuildFile section */

/* Begin PBXContainerItemProxy section */
		B063CB291FC744A100C20C8D /* PBXContainerItemProxy */ = {
			isa = PBXContainerItemProxy;
			containerPortal = B063CB0A1FC744A000C20C8D /* Project object */;
			proxyType = 1;
			remoteGlobalIDString = B063CB111FC744A100C20C8D;
			remoteInfo = ThreeDScanner;
		};
		B063CB341FC744A100C20C8D /* PBXContainerItemProxy */ = {
			isa = PBXContainerItemProxy;
			containerPortal = B063CB0A1FC744A000C20C8D /* Project object */;
			proxyType = 1;
			remoteGlobalIDString = B063CB111FC744A100C20C8D;
			remoteInfo = ThreeDScanner;
		};
/* End PBXContainerItemProxy section */

/* Begin PBXFileReference section */
		A6001CAE9A27F8CB01B7CC37 /* Pods-ThreeDScanner.debug.xcconfig */ = {isa = PBXFileReference; includeInIndex = 1; lastKnownFileType = text.xcconfig; name = "Pods-ThreeDScanner.debug.xcconfig"; path = "Pods/Target Support Files/Pods-ThreeDScanner/Pods-ThreeDScanner.debug.xcconfig"; sourceTree = "<group>"; };
		B004530F207401CB00B70F84 /* SurfaceExporter.swift */ = {isa = PBXFileReference; lastKnownFileType = sourcecode.swift; path = SurfaceExporter.swift; sourceTree = "<group>"; };
		B0045313207435FE00B70F84 /* ScanningConstants.swift */ = {isa = PBXFileReference; lastKnownFileType = sourcecode.swift; path = ScanningConstants.swift; sourceTree = "<group>"; };
		B00453152074370500B70F84 /* PointCloud.swift */ = {isa = PBXFileReference; lastKnownFileType = sourcecode.swift; path = PointCloud.swift; sourceTree = "<group>"; };
		B026315920BC574D0075707F /* CameraButton.swift */ = {isa = PBXFileReference; lastKnownFileType = sourcecode.swift; path = CameraButton.swift; sourceTree = "<group>"; };
		B02AC9FE1FED6F020025F835 /* GoogleService-Info.plist */ = {isa = PBXFileReference; fileEncoding = 4; lastKnownFileType = text.plist.xml; name = "GoogleService-Info.plist"; path = "../../../ThreeDScanner_Resources/GoogleService-Info.plist"; sourceTree = "<group>"; };
		B0387AE020B73180001B556C /* TransparentCoachMarkBodyView.swift */ = {isa = PBXFileReference; lastKnownFileType = sourcecode.swift; path = TransparentCoachMarkBodyView.swift; sourceTree = "<group>"; };
		B0387AE220B73204001B556C /* TransparentCoachMarkArrowView.swift */ = {isa = PBXFileReference; lastKnownFileType = sourcecode.swift; path = TransparentCoachMarkArrowView.swift; sourceTree = "<group>"; };
		B03EDABC207307F200912531 /* XYZStringFormatter.swift */ = {isa = PBXFileReference; lastKnownFileType = sourcecode.swift; path = XYZStringFormatter.swift; sourceTree = "<group>"; };
		B03EDABE2073253C00912531 /* GoogleDriveUploader.swift */ = {isa = PBXFileReference; lastKnownFileType = sourcecode.swift; path = GoogleDriveUploader.swift; sourceTree = "<group>"; };
		B063CB121FC744A100C20C8D /* ThreeDScanner.app */ = {isa = PBXFileReference; explicitFileType = wrapper.application; includeInIndex = 0; path = ThreeDScanner.app; sourceTree = BUILT_PRODUCTS_DIR; };
		B063CB151FC744A100C20C8D /* AppDelegate.swift */ = {isa = PBXFileReference; lastKnownFileType = sourcecode.swift; path = AppDelegate.swift; sourceTree = "<group>"; };
		B063CB171FC744A100C20C8D /* art.scnassets */ = {isa = PBXFileReference; lastKnownFileType = wrapper.scnassets; path = art.scnassets; sourceTree = "<group>"; };
		B063CB191FC744A100C20C8D /* ScanningViewController.swift */ = {isa = PBXFileReference; lastKnownFileType = sourcecode.swift; path = ScanningViewController.swift; sourceTree = "<group>"; };
		B063CB1C1FC744A100C20C8D /* Base */ = {isa = PBXFileReference; lastKnownFileType = file.storyboard; name = Base; path = Base.lproj/Main.storyboard; sourceTree = "<group>"; };
		B063CB1E1FC744A100C20C8D /* Assets.xcassets */ = {isa = PBXFileReference; lastKnownFileType = folder.assetcatalog; path = Assets.xcassets; sourceTree = "<group>"; };
		B063CB211FC744A100C20C8D /* Base */ = {isa = PBXFileReference; lastKnownFileType = file.storyboard; name = Base; path = Base.lproj/LaunchScreen.storyboard; sourceTree = "<group>"; };
		B063CB231FC744A100C20C8D /* Info.plist */ = {isa = PBXFileReference; lastKnownFileType = text.plist.xml; path = Info.plist; sourceTree = "<group>"; };
		B063CB281FC744A100C20C8D /* ThreeDScannerTests.xctest */ = {isa = PBXFileReference; explicitFileType = wrapper.cfbundle; includeInIndex = 0; path = ThreeDScannerTests.xctest; sourceTree = BUILT_PRODUCTS_DIR; };
		B063CB2C1FC744A100C20C8D /* ThreeDScannerTests.swift */ = {isa = PBXFileReference; lastKnownFileType = sourcecode.swift; path = ThreeDScannerTests.swift; sourceTree = "<group>"; };
		B063CB2E1FC744A100C20C8D /* Info.plist */ = {isa = PBXFileReference; lastKnownFileType = text.plist.xml; path = Info.plist; sourceTree = "<group>"; };
		B063CB331FC744A100C20C8D /* ThreeDScannerUITests.xctest */ = {isa = PBXFileReference; explicitFileType = wrapper.cfbundle; includeInIndex = 0; path = ThreeDScannerUITests.xctest; sourceTree = BUILT_PRODUCTS_DIR; };
		B063CB371FC744A100C20C8D /* ThreeDScannerUITests.swift */ = {isa = PBXFileReference; lastKnownFileType = sourcecode.swift; path = ThreeDScannerUITests.swift; sourceTree = "<group>"; };
		B063CB391FC744A100C20C8D /* Info.plist */ = {isa = PBXFileReference; lastKnownFileType = text.plist.xml; path = Info.plist; sourceTree = "<group>"; };
		B065E76D202E0A04003DD254 /* libpcl_surface.a */ = {isa = PBXFileReference; lastKnownFileType = archive.ar; name = libpcl_surface.a; path = PCL/lib/libpcl_surface.a; sourceTree = "<group>"; };
		B065E76E202E0A05003DD254 /* libpcl_features.a */ = {isa = PBXFileReference; lastKnownFileType = archive.ar; name = libpcl_features.a; path = PCL/lib/libpcl_features.a; sourceTree = "<group>"; };
		B065E774202E1241003DD254 /* ThreeDScanner-Bridging-Header.h */ = {isa = PBXFileReference; lastKnownFileType = sourcecode.c.h; path = "ThreeDScanner-Bridging-Header.h"; sourceTree = "<group>"; };
		B065E775202E1242003DD254 /* PCLWrapper.cpp */ = {isa = PBXFileReference; lastKnownFileType = sourcecode.cpp.cpp; path = PCLWrapper.cpp; sourceTree = "<group>"; };
		B065E776202E1242003DD254 /* PCLWrapper.hpp */ = {isa = PBXFileReference; lastKnownFileType = sourcecode.cpp.h; path = PCLWrapper.hpp; sourceTree = "<group>"; };
		B06EB54020755E700053C4AC /* GoogleDriveLogin.swift */ = {isa = PBXFileReference; lastKnownFileType = sourcecode.swift; path = GoogleDriveLogin.swift; sourceTree = "<group>"; };
		B06EC47720334E2500508DCB /* libflann_cpp_s.a */ = {isa = PBXFileReference; lastKnownFileType = archive.ar; name = libflann_cpp_s.a; path = "flann-ios-device/lib/libflann_cpp_s.a"; sourceTree = "<group>"; };
		B0BB31D82030D56600FADAA4 /* libboost_date_time.a */ = {isa = PBXFileReference; lastKnownFileType = archive.ar; name = libboost_date_time.a; path = "boost-ios-device/lib/libboost_date_time.a"; sourceTree = "<group>"; };
		B0BB31D92030D56600FADAA4 /* libboost_program_options.a */ = {isa = PBXFileReference; lastKnownFileType = archive.ar; name = libboost_program_options.a; path = "boost-ios-device/lib/libboost_program_options.a"; sourceTree = "<group>"; };
		B0BB31DA2030D56600FADAA4 /* libboost_signals.a */ = {isa = PBXFileReference; lastKnownFileType = archive.ar; name = libboost_signals.a; path = "boost-ios-device/lib/libboost_signals.a"; sourceTree = "<group>"; };
		B0BB31DB2030D56700FADAA4 /* libboost_filesystem.a */ = {isa = PBXFileReference; lastKnownFileType = archive.ar; name = libboost_filesystem.a; path = "boost-ios-device/lib/libboost_filesystem.a"; sourceTree = "<group>"; };
		B0BB31DC2030D56700FADAA4 /* libboost_iostreams.a */ = {isa = PBXFileReference; lastKnownFileType = archive.ar; name = libboost_iostreams.a; path = "boost-ios-device/lib/libboost_iostreams.a"; sourceTree = "<group>"; };
		B0BB31DD2030D56700FADAA4 /* libboost_thread.a */ = {isa = PBXFileReference; lastKnownFileType = archive.ar; name = libboost_thread.a; path = "boost-ios-device/lib/libboost_thread.a"; sourceTree = "<group>"; };
		B0BB31DE2030D56700FADAA4 /* libboost_system.a */ = {isa = PBXFileReference; lastKnownFileType = archive.ar; name = libboost_system.a; path = "boost-ios-device/lib/libboost_system.a"; sourceTree = "<group>"; };
		B0BB31DF2030D56700FADAA4 /* libboost_regex.a */ = {isa = PBXFileReference; lastKnownFileType = archive.ar; name = libboost_regex.a; path = "boost-ios-device/lib/libboost_regex.a"; sourceTree = "<group>"; };
		B0BB31E82030D66A00FADAA4 /* libpcl_recognition.a */ = {isa = PBXFileReference; lastKnownFileType = archive.ar; name = libpcl_recognition.a; path = PCL/lib/libpcl_recognition.a; sourceTree = "<group>"; };
		B0BB31E92030D66A00FADAA4 /* libpcl_filters.a */ = {isa = PBXFileReference; lastKnownFileType = archive.ar; name = libpcl_filters.a; path = PCL/lib/libpcl_filters.a; sourceTree = "<group>"; };
		B0BB31EA2030D66A00FADAA4 /* libpcl_kdtree.a */ = {isa = PBXFileReference; lastKnownFileType = archive.ar; name = libpcl_kdtree.a; path = PCL/lib/libpcl_kdtree.a; sourceTree = "<group>"; };
		B0BB31EB2030D66A00FADAA4 /* libpcl_registration.a */ = {isa = PBXFileReference; lastKnownFileType = archive.ar; name = libpcl_registration.a; path = PCL/lib/libpcl_registration.a; sourceTree = "<group>"; };
		B0BB31EC2030D66A00FADAA4 /* libpcl_search.a */ = {isa = PBXFileReference; lastKnownFileType = archive.ar; name = libpcl_search.a; path = PCL/lib/libpcl_search.a; sourceTree = "<group>"; };
		B0BB31ED2030D66A00FADAA4 /* libpcl_keypoints.a */ = {isa = PBXFileReference; lastKnownFileType = archive.ar; name = libpcl_keypoints.a; path = PCL/lib/libpcl_keypoints.a; sourceTree = "<group>"; };
		B0BB31EE2030D66A00FADAA4 /* libpcl_segmentation.a */ = {isa = PBXFileReference; lastKnownFileType = archive.ar; name = libpcl_segmentation.a; path = PCL/lib/libpcl_segmentation.a; sourceTree = "<group>"; };
		B0BB31EF2030D66B00FADAA4 /* libpcl_io.a */ = {isa = PBXFileReference; lastKnownFileType = archive.ar; name = libpcl_io.a; path = PCL/lib/libpcl_io.a; sourceTree = "<group>"; };
		B0BB31F02030D66B00FADAA4 /* libpcl_octree.a */ = {isa = PBXFileReference; lastKnownFileType = archive.ar; name = libpcl_octree.a; path = PCL/lib/libpcl_octree.a; sourceTree = "<group>"; };
		B0BB31F12030D66B00FADAA4 /* libpcl_io_ply.a */ = {isa = PBXFileReference; lastKnownFileType = archive.ar; name = libpcl_io_ply.a; path = PCL/lib/libpcl_io_ply.a; sourceTree = "<group>"; };
		B0BB31F22030D66B00FADAA4 /* libpcl_stereo.a */ = {isa = PBXFileReference; lastKnownFileType = archive.ar; name = libpcl_stereo.a; path = PCL/lib/libpcl_stereo.a; sourceTree = "<group>"; };
		B0BB31F32030D66B00FADAA4 /* libpcl_sample_consensus.a */ = {isa = PBXFileReference; lastKnownFileType = archive.ar; name = libpcl_sample_consensus.a; path = PCL/lib/libpcl_sample_consensus.a; sourceTree = "<group>"; };
		B0BB31F42030D66B00FADAA4 /* libpcl_ml.a */ = {isa = PBXFileReference; lastKnownFileType = archive.ar; name = libpcl_ml.a; path = PCL/lib/libpcl_ml.a; sourceTree = "<group>"; };
		B0BB31F52030D66B00FADAA4 /* libpcl_common.a */ = {isa = PBXFileReference; lastKnownFileType = archive.ar; name = libpcl_common.a; path = PCL/lib/libpcl_common.a; sourceTree = "<group>"; };
		B0FBDF7520B78C3100BF7EAA /* InstructionsText.swift */ = {isa = PBXFileReference; lastKnownFileType = sourcecode.swift; path = InstructionsText.swift; sourceTree = "<group>"; };
		B0FBDF7720B78CE800BF7EAA /* ScanningViewController+Instructions.swift */ = {isa = PBXFileReference; lastKnownFileType = sourcecode.swift; path = "ScanningViewController+Instructions.swift"; sourceTree = "<group>"; };
		B0FBDF7A20B7DD9300BF7EAA /* CustomCoachMarkSkipView.swift */ = {isa = PBXFileReference; lastKnownFileType = sourcecode.swift; path = CustomCoachMarkSkipView.swift; sourceTree = "<group>"; };
		D29A5A475B9F7E7A2D2107F5 /* Pods-ThreeDScanner.release.xcconfig */ = {isa = PBXFileReference; includeInIndex = 1; lastKnownFileType = text.xcconfig; name = "Pods-ThreeDScanner.release.xcconfig"; path = "Pods/Target Support Files/Pods-ThreeDScanner/Pods-ThreeDScanner.release.xcconfig"; sourceTree = "<group>"; };
		E1A3A8D013ACA949EB5C45A8 /* Pods_ThreeDScanner.framework */ = {isa = PBXFileReference; explicitFileType = wrapper.framework; includeInIndex = 0; path = Pods_ThreeDScanner.framework; sourceTree = BUILT_PRODUCTS_DIR; };
/* End PBXFileReference section */

/* Begin PBXFrameworksBuildPhase section */
		B063CB0F1FC744A100C20C8D /* Frameworks */ = {
			isa = PBXFrameworksBuildPhase;
			buildActionMask = 2147483647;
			files = (
				B0BB31E32030D56700FADAA4 /* libboost_filesystem.a in Frameworks */,
				B0BB31F62030D66B00FADAA4 /* libpcl_recognition.a in Frameworks */,
				B0BB31E02030D56700FADAA4 /* libboost_date_time.a in Frameworks */,
				B0BB31FC2030D66B00FADAA4 /* libpcl_segmentation.a in Frameworks */,
				B0BB32012030D66B00FADAA4 /* libpcl_sample_consensus.a in Frameworks */,
				B0BB31E12030D56700FADAA4 /* libboost_program_options.a in Frameworks */,
				4C4FD6D27D0A790EA33C36DA /* Pods_ThreeDScanner.framework in Frameworks */,
				B0BB31FB2030D66B00FADAA4 /* libpcl_keypoints.a in Frameworks */,
				B0BB31E72030D56700FADAA4 /* libboost_regex.a in Frameworks */,
				B0BB31E22030D56700FADAA4 /* libboost_signals.a in Frameworks */,
				B0BB31FE2030D66B00FADAA4 /* libpcl_octree.a in Frameworks */,
				B065E770202E0A05003DD254 /* libpcl_features.a in Frameworks */,
				B0BB31FF2030D66B00FADAA4 /* libpcl_io_ply.a in Frameworks */,
				B0BB31E62030D56700FADAA4 /* libboost_system.a in Frameworks */,
				B0BB31FA2030D66B00FADAA4 /* libpcl_search.a in Frameworks */,
				B065E76F202E0A05003DD254 /* libpcl_surface.a in Frameworks */,
				B0BB32022030D66B00FADAA4 /* libpcl_ml.a in Frameworks */,
				B06EC47820334E2500508DCB /* libflann_cpp_s.a in Frameworks */,
				B0BB31F92030D66B00FADAA4 /* libpcl_registration.a in Frameworks */,
				B0BB32032030D66B00FADAA4 /* libpcl_common.a in Frameworks */,
				B0BB31F82030D66B00FADAA4 /* libpcl_kdtree.a in Frameworks */,
				B0BB31E42030D56700FADAA4 /* libboost_iostreams.a in Frameworks */,
				B0BB31FD2030D66B00FADAA4 /* libpcl_io.a in Frameworks */,
				B0BB31F72030D66B00FADAA4 /* libpcl_filters.a in Frameworks */,
				B0BB31E52030D56700FADAA4 /* libboost_thread.a in Frameworks */,
				B0BB32002030D66B00FADAA4 /* libpcl_stereo.a in Frameworks */,
			);
			runOnlyForDeploymentPostprocessing = 0;
		};
		B063CB251FC744A100C20C8D /* Frameworks */ = {
			isa = PBXFrameworksBuildPhase;
			buildActionMask = 2147483647;
			files = (
			);
			runOnlyForDeploymentPostprocessing = 0;
		};
		B063CB301FC744A100C20C8D /* Frameworks */ = {
			isa = PBXFrameworksBuildPhase;
			buildActionMask = 2147483647;
			files = (
			);
			runOnlyForDeploymentPostprocessing = 0;
		};
/* End PBXFrameworksBuildPhase section */

/* Begin PBXGroup section */
		314D86C60778C768FA7929F5 /* Pods */ = {
			isa = PBXGroup;
			children = (
				A6001CAE9A27F8CB01B7CC37 /* Pods-ThreeDScanner.debug.xcconfig */,
				D29A5A475B9F7E7A2D2107F5 /* Pods-ThreeDScanner.release.xcconfig */,
			);
			name = Pods;
			sourceTree = "<group>";
		};
		B063CB091FC744A000C20C8D = {
			isa = PBXGroup;
			children = (
				B065E76C202E098B003DD254 /* Libraries */,
				B02AC9FE1FED6F020025F835 /* GoogleService-Info.plist */,
				B063CB141FC744A100C20C8D /* ThreeDScanner */,
				B063CB2B1FC744A100C20C8D /* ThreeDScannerTests */,
				B063CB361FC744A100C20C8D /* ThreeDScannerUITests */,
				B063CB131FC744A100C20C8D /* Products */,
				314D86C60778C768FA7929F5 /* Pods */,
				E7177D540E77869D6BD5AB70 /* Frameworks */,
			);
			sourceTree = "<group>";
		};
		B063CB131FC744A100C20C8D /* Products */ = {
			isa = PBXGroup;
			children = (
				B063CB121FC744A100C20C8D /* ThreeDScanner.app */,
				B063CB281FC744A100C20C8D /* ThreeDScannerTests.xctest */,
				B063CB331FC744A100C20C8D /* ThreeDScannerUITests.xctest */,
			);
			name = Products;
			sourceTree = "<group>";
		};
		B063CB141FC744A100C20C8D /* ThreeDScanner */ = {
			isa = PBXGroup;
			children = (
				B063CB151FC744A100C20C8D /* AppDelegate.swift */,
				B063CB191FC744A100C20C8D /* ScanningViewController.swift */,
				B026315920BC574D0075707F /* CameraButton.swift */,
				B06EB54020755E700053C4AC /* GoogleDriveLogin.swift */,
				B03EDABC207307F200912531 /* XYZStringFormatter.swift */,
				B03EDABE2073253C00912531 /* GoogleDriveUploader.swift */,
				B004530F207401CB00B70F84 /* SurfaceExporter.swift */,
				B0045313207435FE00B70F84 /* ScanningConstants.swift */,
				B00453152074370500B70F84 /* PointCloud.swift */,
				B0FBDF7920B78D5700BF7EAA /* Instructions */,
				B0BB32062030DC7C00FADAA4 /* PCLWrapper */,
				B063CB1B1FC744A100C20C8D /* Main.storyboard */,
				B063CB171FC744A100C20C8D /* art.scnassets */,
				B063CB1E1FC744A100C20C8D /* Assets.xcassets */,
				B063CB201FC744A100C20C8D /* LaunchScreen.storyboard */,
				B063CB231FC744A100C20C8D /* Info.plist */,
			);
			path = ThreeDScanner;
			sourceTree = "<group>";
		};
		B063CB2B1FC744A100C20C8D /* ThreeDScannerTests */ = {
			isa = PBXGroup;
			children = (
				B063CB2C1FC744A100C20C8D /* ThreeDScannerTests.swift */,
				B063CB2E1FC744A100C20C8D /* Info.plist */,
			);
			path = ThreeDScannerTests;
			sourceTree = "<group>";
		};
		B063CB361FC744A100C20C8D /* ThreeDScannerUITests */ = {
			isa = PBXGroup;
			children = (
				B063CB371FC744A100C20C8D /* ThreeDScannerUITests.swift */,
				B063CB391FC744A100C20C8D /* Info.plist */,
			);
			path = ThreeDScannerUITests;
			sourceTree = "<group>";
		};
		B065E76C202E098B003DD254 /* Libraries */ = {
			isa = PBXGroup;
			children = (
				B06EC47720334E2500508DCB /* libflann_cpp_s.a */,
				B0BB31F52030D66B00FADAA4 /* libpcl_common.a */,
				B0BB31E92030D66A00FADAA4 /* libpcl_filters.a */,
				B0BB31F12030D66B00FADAA4 /* libpcl_io_ply.a */,
				B0BB31EF2030D66B00FADAA4 /* libpcl_io.a */,
				B0BB31EA2030D66A00FADAA4 /* libpcl_kdtree.a */,
				B0BB31ED2030D66A00FADAA4 /* libpcl_keypoints.a */,
				B0BB31F42030D66B00FADAA4 /* libpcl_ml.a */,
				B0BB31F02030D66B00FADAA4 /* libpcl_octree.a */,
				B0BB31E82030D66A00FADAA4 /* libpcl_recognition.a */,
				B0BB31EB2030D66A00FADAA4 /* libpcl_registration.a */,
				B0BB31F32030D66B00FADAA4 /* libpcl_sample_consensus.a */,
				B0BB31EC2030D66A00FADAA4 /* libpcl_search.a */,
				B0BB31EE2030D66A00FADAA4 /* libpcl_segmentation.a */,
				B0BB31F22030D66B00FADAA4 /* libpcl_stereo.a */,
				B0BB31D82030D56600FADAA4 /* libboost_date_time.a */,
				B0BB31DB2030D56700FADAA4 /* libboost_filesystem.a */,
				B0BB31DC2030D56700FADAA4 /* libboost_iostreams.a */,
				B0BB31D92030D56600FADAA4 /* libboost_program_options.a */,
				B0BB31DF2030D56700FADAA4 /* libboost_regex.a */,
				B0BB31DA2030D56600FADAA4 /* libboost_signals.a */,
				B0BB31DE2030D56700FADAA4 /* libboost_system.a */,
				B0BB31DD2030D56700FADAA4 /* libboost_thread.a */,
				B065E76E202E0A05003DD254 /* libpcl_features.a */,
				B065E76D202E0A04003DD254 /* libpcl_surface.a */,
				B065E774202E1241003DD254 /* ThreeDScanner-Bridging-Header.h */,
			);
			path = Libraries;
			sourceTree = "<group>";
		};
		B0BB32062030DC7C00FADAA4 /* PCLWrapper */ = {
			isa = PBXGroup;
			children = (
				B065E775202E1242003DD254 /* PCLWrapper.cpp */,
				B065E776202E1242003DD254 /* PCLWrapper.hpp */,
			);
			path = PCLWrapper;
			sourceTree = "<group>";
		};
		B0FBDF7920B78D5700BF7EAA /* Instructions */ = {
			isa = PBXGroup;
			children = (
				B0FBDF7720B78CE800BF7EAA /* ScanningViewController+Instructions.swift */,
				B0387AE020B73180001B556C /* TransparentCoachMarkBodyView.swift */,
				B0387AE220B73204001B556C /* TransparentCoachMarkArrowView.swift */,
				B0FBDF7520B78C3100BF7EAA /* InstructionsText.swift */,
				B0FBDF7A20B7DD9300BF7EAA /* CustomCoachMarkSkipView.swift */,
			);
			path = Instructions;
			sourceTree = "<group>";
		};
		E7177D540E77869D6BD5AB70 /* Frameworks */ = {
			isa = PBXGroup;
			children = (
				E1A3A8D013ACA949EB5C45A8 /* Pods_ThreeDScanner.framework */,
			);
			name = Frameworks;
			sourceTree = "<group>";
		};
/* End PBXGroup section */

/* Begin PBXNativeTarget section */
		B063CB111FC744A100C20C8D /* ThreeDScanner */ = {
			isa = PBXNativeTarget;
			buildConfigurationList = B063CB3C1FC744A100C20C8D /* Build configuration list for PBXNativeTarget "ThreeDScanner" */;
			buildPhases = (
				B23EC66ADE6A8559C9E9A4E4 /* [CP] Check Pods Manifest.lock */,
				B063CB0E1FC744A100C20C8D /* Sources */,
				B063CB0F1FC744A100C20C8D /* Frameworks */,
				B063CB101FC744A100C20C8D /* Resources */,
				478058C50CEE082D3C2C1FC4 /* [CP] Embed Pods Frameworks */,
				B45DFA763AD4F96DF6EC7EC4 /* [CP] Copy Pods Resources */,
			);
			buildRules = (
			);
			dependencies = (
			);
			name = ThreeDScanner;
			productName = ThreeDScanner;
			productReference = B063CB121FC744A100C20C8D /* ThreeDScanner.app */;
			productType = "com.apple.product-type.application";
		};
		B063CB271FC744A100C20C8D /* ThreeDScannerTests */ = {
			isa = PBXNativeTarget;
			buildConfigurationList = B063CB3F1FC744A100C20C8D /* Build configuration list for PBXNativeTarget "ThreeDScannerTests" */;
			buildPhases = (
				B063CB241FC744A100C20C8D /* Sources */,
				B063CB251FC744A100C20C8D /* Frameworks */,
				B063CB261FC744A100C20C8D /* Resources */,
			);
			buildRules = (
			);
			dependencies = (
				B063CB2A1FC744A100C20C8D /* PBXTargetDependency */,
			);
			name = ThreeDScannerTests;
			productName = ThreeDScannerTests;
			productReference = B063CB281FC744A100C20C8D /* ThreeDScannerTests.xctest */;
			productType = "com.apple.product-type.bundle.unit-test";
		};
		B063CB321FC744A100C20C8D /* ThreeDScannerUITests */ = {
			isa = PBXNativeTarget;
			buildConfigurationList = B063CB421FC744A100C20C8D /* Build configuration list for PBXNativeTarget "ThreeDScannerUITests" */;
			buildPhases = (
				B063CB2F1FC744A100C20C8D /* Sources */,
				B063CB301FC744A100C20C8D /* Frameworks */,
				B063CB311FC744A100C20C8D /* Resources */,
			);
			buildRules = (
			);
			dependencies = (
				B063CB351FC744A100C20C8D /* PBXTargetDependency */,
			);
			name = ThreeDScannerUITests;
			productName = ThreeDScannerUITests;
			productReference = B063CB331FC744A100C20C8D /* ThreeDScannerUITests.xctest */;
			productType = "com.apple.product-type.bundle.ui-testing";
		};
/* End PBXNativeTarget section */

/* Begin PBXProject section */
		B063CB0A1FC744A000C20C8D /* Project object */ = {
			isa = PBXProject;
			attributes = {
				LastSwiftUpdateCheck = 0910;
				LastUpgradeCheck = 0930;
				ORGANIZATIONNAME = "Steven Roach";
				TargetAttributes = {
					B063CB111FC744A100C20C8D = {
						CreatedOnToolsVersion = 9.1;
						LastSwiftMigration = 0920;
						ProvisioningStyle = Automatic;
					};
					B063CB271FC744A100C20C8D = {
						CreatedOnToolsVersion = 9.1;
						ProvisioningStyle = Automatic;
						TestTargetID = B063CB111FC744A100C20C8D;
					};
					B063CB321FC744A100C20C8D = {
						CreatedOnToolsVersion = 9.1;
						ProvisioningStyle = Automatic;
						TestTargetID = B063CB111FC744A100C20C8D;
					};
				};
			};
			buildConfigurationList = B063CB0D1FC744A000C20C8D /* Build configuration list for PBXProject "ThreeDScanner" */;
			compatibilityVersion = "Xcode 8.0";
			developmentRegion = en;
			hasScannedForEncodings = 0;
			knownRegions = (
				en,
				Base,
			);
			mainGroup = B063CB091FC744A000C20C8D;
			productRefGroup = B063CB131FC744A100C20C8D /* Products */;
			projectDirPath = "";
			projectRoot = "";
			targets = (
				B063CB111FC744A100C20C8D /* ThreeDScanner */,
				B063CB271FC744A100C20C8D /* ThreeDScannerTests */,
				B063CB321FC744A100C20C8D /* ThreeDScannerUITests */,
			);
		};
/* End PBXProject section */

/* Begin PBXResourcesBuildPhase section */
		B063CB101FC744A100C20C8D /* Resources */ = {
			isa = PBXResourcesBuildPhase;
			buildActionMask = 2147483647;
			files = (
				B063CB181FC744A100C20C8D /* art.scnassets in Resources */,
				B063CB221FC744A100C20C8D /* LaunchScreen.storyboard in Resources */,
				B02AC9FF1FED6F020025F835 /* GoogleService-Info.plist in Resources */,
				B063CB1F1FC744A100C20C8D /* Assets.xcassets in Resources */,
				B063CB1D1FC744A100C20C8D /* Main.storyboard in Resources */,
			);
			runOnlyForDeploymentPostprocessing = 0;
		};
		B063CB261FC744A100C20C8D /* Resources */ = {
			isa = PBXResourcesBuildPhase;
			buildActionMask = 2147483647;
			files = (
			);
			runOnlyForDeploymentPostprocessing = 0;
		};
		B063CB311FC744A100C20C8D /* Resources */ = {
			isa = PBXResourcesBuildPhase;
			buildActionMask = 2147483647;
			files = (
			);
			runOnlyForDeploymentPostprocessing = 0;
		};
/* End PBXResourcesBuildPhase section */

/* Begin PBXShellScriptBuildPhase section */
		478058C50CEE082D3C2C1FC4 /* [CP] Embed Pods Frameworks */ = {
			isa = PBXShellScriptBuildPhase;
			buildActionMask = 2147483647;
			files = (
			);
			inputPaths = (
				"${SRCROOT}/Pods/Target Support Files/Pods-ThreeDScanner/Pods-ThreeDScanner-frameworks.sh",
				"${BUILT_PRODUCTS_DIR}/GTMOAuth2/GTMOAuth2.framework",
				"${BUILT_PRODUCTS_DIR}/GTMSessionFetcher/GTMSessionFetcher.framework",
				"${BUILT_PRODUCTS_DIR}/GoogleAPIClientForREST/GoogleAPIClientForREST.framework",
				"${BUILT_PRODUCTS_DIR}/GoogleToolboxForMac/GoogleToolboxForMac.framework",
				"${BUILT_PRODUCTS_DIR}/Instructions/Instructions.framework",
			);
			name = "[CP] Embed Pods Frameworks";
			outputPaths = (
				"${TARGET_BUILD_DIR}/${FRAMEWORKS_FOLDER_PATH}/GTMOAuth2.framework",
				"${TARGET_BUILD_DIR}/${FRAMEWORKS_FOLDER_PATH}/GTMSessionFetcher.framework",
				"${TARGET_BUILD_DIR}/${FRAMEWORKS_FOLDER_PATH}/GoogleAPIClientForREST.framework",
				"${TARGET_BUILD_DIR}/${FRAMEWORKS_FOLDER_PATH}/GoogleToolboxForMac.framework",
				"${TARGET_BUILD_DIR}/${FRAMEWORKS_FOLDER_PATH}/Instructions.framework",
			);
			runOnlyForDeploymentPostprocessing = 0;
			shellPath = /bin/sh;
			shellScript = "\"${SRCROOT}/Pods/Target Support Files/Pods-ThreeDScanner/Pods-ThreeDScanner-frameworks.sh\"\n";
			showEnvVarsInLog = 0;
		};
		B23EC66ADE6A8559C9E9A4E4 /* [CP] Check Pods Manifest.lock */ = {
			isa = PBXShellScriptBuildPhase;
			buildActionMask = 2147483647;
			files = (
			);
			inputPaths = (
				"${PODS_PODFILE_DIR_PATH}/Podfile.lock",
				"${PODS_ROOT}/Manifest.lock",
			);
			name = "[CP] Check Pods Manifest.lock";
			outputPaths = (
				"$(DERIVED_FILE_DIR)/Pods-ThreeDScanner-checkManifestLockResult.txt",
			);
			runOnlyForDeploymentPostprocessing = 0;
			shellPath = /bin/sh;
			shellScript = "diff \"${PODS_PODFILE_DIR_PATH}/Podfile.lock\" \"${PODS_ROOT}/Manifest.lock\" > /dev/null\nif [ $? != 0 ] ; then\n    # print error to STDERR\n    echo \"error: The sandbox is not in sync with the Podfile.lock. Run 'pod install' or update your CocoaPods installation.\" >&2\n    exit 1\nfi\n# This output is used by Xcode 'outputs' to avoid re-running this script phase.\necho \"SUCCESS\" > \"${SCRIPT_OUTPUT_FILE_0}\"\n";
			showEnvVarsInLog = 0;
		};
		B45DFA763AD4F96DF6EC7EC4 /* [CP] Copy Pods Resources */ = {
			isa = PBXShellScriptBuildPhase;
			buildActionMask = 2147483647;
			files = (
			);
			inputPaths = (
				"${SRCROOT}/Pods/Target Support Files/Pods-ThreeDScanner/Pods-ThreeDScanner-resources.sh",
				"${PODS_ROOT}/GoogleSignIn/Resources/GoogleSignIn.bundle",
			);
			name = "[CP] Copy Pods Resources";
			outputPaths = (
				"${TARGET_BUILD_DIR}/${UNLOCALIZED_RESOURCES_FOLDER_PATH}/GoogleSignIn.bundle",
			);
			runOnlyForDeploymentPostprocessing = 0;
			shellPath = /bin/sh;
			shellScript = "\"${SRCROOT}/Pods/Target Support Files/Pods-ThreeDScanner/Pods-ThreeDScanner-resources.sh\"\n";
			showEnvVarsInLog = 0;
		};
/* End PBXShellScriptBuildPhase section */

/* Begin PBXSourcesBuildPhase section */
		B063CB0E1FC744A100C20C8D /* Sources */ = {
			isa = PBXSourcesBuildPhase;
			buildActionMask = 2147483647;
			files = (
				B0387AE320B73204001B556C /* TransparentCoachMarkArrowView.swift in Sources */,
				B06EB54120755E700053C4AC /* GoogleDriveLogin.swift in Sources */,
				B0FBDF7820B78CE800BF7EAA /* ScanningViewController+Instructions.swift in Sources */,
				B0045310207401CB00B70F84 /* SurfaceExporter.swift in Sources */,
				B0FBDF7B20B7DD9300BF7EAA /* CustomCoachMarkSkipView.swift in Sources */,
				B063CB1A1FC744A100C20C8D /* ScanningViewController.swift in Sources */,
				B00453162074370500B70F84 /* PointCloud.swift in Sources */,
				B026315A20BC574D0075707F /* CameraButton.swift in Sources */,
				B0387AE120B73180001B556C /* TransparentCoachMarkBodyView.swift in Sources */,
				B0045314207435FE00B70F84 /* ScanningConstants.swift in Sources */,
				B063CB161FC744A100C20C8D /* AppDelegate.swift in Sources */,
				B03EDABF2073253C00912531 /* GoogleDriveUploader.swift in Sources */,
				B065E777202E1242003DD254 /* PCLWrapper.cpp in Sources */,
				B03EDABD207307F200912531 /* XYZStringFormatter.swift in Sources */,
				B0FBDF7620B78C3100BF7EAA /* InstructionsText.swift in Sources */,
			);
			runOnlyForDeploymentPostprocessing = 0;
		};
		B063CB241FC744A100C20C8D /* Sources */ = {
			isa = PBXSourcesBuildPhase;
			buildActionMask = 2147483647;
			files = (
				B063CB2D1FC744A100C20C8D /* ThreeDScannerTests.swift in Sources */,
			);
			runOnlyForDeploymentPostprocessing = 0;
		};
		B063CB2F1FC744A100C20C8D /* Sources */ = {
			isa = PBXSourcesBuildPhase;
			buildActionMask = 2147483647;
			files = (
				B063CB381FC744A100C20C8D /* ThreeDScannerUITests.swift in Sources */,
			);
			runOnlyForDeploymentPostprocessing = 0;
		};
/* End PBXSourcesBuildPhase section */

/* Begin PBXTargetDependency section */
		B063CB2A1FC744A100C20C8D /* PBXTargetDependency */ = {
			isa = PBXTargetDependency;
			target = B063CB111FC744A100C20C8D /* ThreeDScanner */;
			targetProxy = B063CB291FC744A100C20C8D /* PBXContainerItemProxy */;
		};
		B063CB351FC744A100C20C8D /* PBXTargetDependency */ = {
			isa = PBXTargetDependency;
			target = B063CB111FC744A100C20C8D /* ThreeDScanner */;
			targetProxy = B063CB341FC744A100C20C8D /* PBXContainerItemProxy */;
		};
/* End PBXTargetDependency section */

/* Begin PBXVariantGroup section */
		B063CB1B1FC744A100C20C8D /* Main.storyboard */ = {
			isa = PBXVariantGroup;
			children = (
				B063CB1C1FC744A100C20C8D /* Base */,
			);
			name = Main.storyboard;
			sourceTree = "<group>";
		};
		B063CB201FC744A100C20C8D /* LaunchScreen.storyboard */ = {
			isa = PBXVariantGroup;
			children = (
				B063CB211FC744A100C20C8D /* Base */,
			);
			name = LaunchScreen.storyboard;
			sourceTree = "<group>";
		};
/* End PBXVariantGroup section */

/* Begin XCBuildConfiguration section */
		B063CB3A1FC744A100C20C8D /* Debug */ = {
			isa = XCBuildConfiguration;
			buildSettings = {
				ALWAYS_SEARCH_USER_PATHS = NO;
				CLANG_ANALYZER_NONNULL = YES;
				CLANG_ANALYZER_NUMBER_OBJECT_CONVERSION = YES_AGGRESSIVE;
				CLANG_CXX_LANGUAGE_STANDARD = "gnu++14";
				CLANG_CXX_LIBRARY = "libc++";
				CLANG_ENABLE_MODULES = YES;
				CLANG_ENABLE_OBJC_ARC = YES;
				CLANG_WARN_BLOCK_CAPTURE_AUTORELEASING = YES;
				CLANG_WARN_BOOL_CONVERSION = YES;
				CLANG_WARN_COMMA = YES;
				CLANG_WARN_CONSTANT_CONVERSION = YES;
				CLANG_WARN_DEPRECATED_OBJC_IMPLEMENTATIONS = YES;
				CLANG_WARN_DIRECT_OBJC_ISA_USAGE = YES_ERROR;
				CLANG_WARN_DOCUMENTATION_COMMENTS = YES;
				CLANG_WARN_EMPTY_BODY = YES;
				CLANG_WARN_ENUM_CONVERSION = YES;
				CLANG_WARN_INFINITE_RECURSION = YES;
				CLANG_WARN_INT_CONVERSION = YES;
				CLANG_WARN_NON_LITERAL_NULL_CONVERSION = YES;
				CLANG_WARN_OBJC_IMPLICIT_RETAIN_SELF = YES;
				CLANG_WARN_OBJC_LITERAL_CONVERSION = YES;
				CLANG_WARN_OBJC_ROOT_CLASS = YES_ERROR;
				CLANG_WARN_RANGE_LOOP_ANALYSIS = YES;
				CLANG_WARN_STRICT_PROTOTYPES = YES;
				CLANG_WARN_SUSPICIOUS_MOVE = YES;
				CLANG_WARN_UNGUARDED_AVAILABILITY = YES_AGGRESSIVE;
				CLANG_WARN_UNREACHABLE_CODE = YES;
				CLANG_WARN__DUPLICATE_METHOD_MATCH = YES;
				CODE_SIGN_IDENTITY = "iPhone Developer";
				COPY_PHASE_STRIP = NO;
				DEBUG_INFORMATION_FORMAT = dwarf;
				ENABLE_STRICT_OBJC_MSGSEND = YES;
				ENABLE_TESTABILITY = YES;
				GCC_C_LANGUAGE_STANDARD = gnu11;
				GCC_DYNAMIC_NO_PIC = NO;
				GCC_NO_COMMON_BLOCKS = YES;
				GCC_OPTIMIZATION_LEVEL = 0;
				GCC_PREPROCESSOR_DEFINITIONS = (
					"DEBUG=1",
					"$(inherited)",
				);
				GCC_WARN_64_TO_32_BIT_CONVERSION = YES;
				GCC_WARN_ABOUT_RETURN_TYPE = YES_ERROR;
				GCC_WARN_UNDECLARED_SELECTOR = YES;
				GCC_WARN_UNINITIALIZED_AUTOS = YES_AGGRESSIVE;
				GCC_WARN_UNUSED_FUNCTION = YES;
				GCC_WARN_UNUSED_VARIABLE = YES;
				IPHONEOS_DEPLOYMENT_TARGET = 11.0;
				MTL_ENABLE_DEBUG_INFO = YES;
				ONLY_ACTIVE_ARCH = YES;
				SDKROOT = iphoneos;
				SWIFT_ACTIVE_COMPILATION_CONDITIONS = DEBUG;
				SWIFT_OPTIMIZATION_LEVEL = "-Onone";
			};
			name = Debug;
		};
		B063CB3B1FC744A100C20C8D /* Release */ = {
			isa = XCBuildConfiguration;
			buildSettings = {
				ALWAYS_SEARCH_USER_PATHS = NO;
				CLANG_ANALYZER_NONNULL = YES;
				CLANG_ANALYZER_NUMBER_OBJECT_CONVERSION = YES_AGGRESSIVE;
				CLANG_CXX_LANGUAGE_STANDARD = "gnu++14";
				CLANG_CXX_LIBRARY = "libc++";
				CLANG_ENABLE_MODULES = YES;
				CLANG_ENABLE_OBJC_ARC = YES;
				CLANG_WARN_BLOCK_CAPTURE_AUTORELEASING = YES;
				CLANG_WARN_BOOL_CONVERSION = YES;
				CLANG_WARN_COMMA = YES;
				CLANG_WARN_CONSTANT_CONVERSION = YES;
				CLANG_WARN_DEPRECATED_OBJC_IMPLEMENTATIONS = YES;
				CLANG_WARN_DIRECT_OBJC_ISA_USAGE = YES_ERROR;
				CLANG_WARN_DOCUMENTATION_COMMENTS = YES;
				CLANG_WARN_EMPTY_BODY = YES;
				CLANG_WARN_ENUM_CONVERSION = YES;
				CLANG_WARN_INFINITE_RECURSION = YES;
				CLANG_WARN_INT_CONVERSION = YES;
				CLANG_WARN_NON_LITERAL_NULL_CONVERSION = YES;
				CLANG_WARN_OBJC_IMPLICIT_RETAIN_SELF = YES;
				CLANG_WARN_OBJC_LITERAL_CONVERSION = YES;
				CLANG_WARN_OBJC_ROOT_CLASS = YES_ERROR;
				CLANG_WARN_RANGE_LOOP_ANALYSIS = YES;
				CLANG_WARN_STRICT_PROTOTYPES = YES;
				CLANG_WARN_SUSPICIOUS_MOVE = YES;
				CLANG_WARN_UNGUARDED_AVAILABILITY = YES_AGGRESSIVE;
				CLANG_WARN_UNREACHABLE_CODE = YES;
				CLANG_WARN__DUPLICATE_METHOD_MATCH = YES;
				CODE_SIGN_IDENTITY = "iPhone Developer";
				COPY_PHASE_STRIP = NO;
				DEBUG_INFORMATION_FORMAT = "dwarf-with-dsym";
				ENABLE_NS_ASSERTIONS = NO;
				ENABLE_STRICT_OBJC_MSGSEND = YES;
				GCC_C_LANGUAGE_STANDARD = gnu11;
				GCC_NO_COMMON_BLOCKS = YES;
				GCC_WARN_64_TO_32_BIT_CONVERSION = YES;
				GCC_WARN_ABOUT_RETURN_TYPE = YES_ERROR;
				GCC_WARN_UNDECLARED_SELECTOR = YES;
				GCC_WARN_UNINITIALIZED_AUTOS = YES_AGGRESSIVE;
				GCC_WARN_UNUSED_FUNCTION = YES;
				GCC_WARN_UNUSED_VARIABLE = YES;
				IPHONEOS_DEPLOYMENT_TARGET = 11.0;
				MTL_ENABLE_DEBUG_INFO = NO;
				SDKROOT = iphoneos;
				SWIFT_OPTIMIZATION_LEVEL = "-Owholemodule";
				VALIDATE_PRODUCT = YES;
			};
			name = Release;
		};
		B063CB3D1FC744A100C20C8D /* Debug */ = {
			isa = XCBuildConfiguration;
			baseConfigurationReference = A6001CAE9A27F8CB01B7CC37 /* Pods-ThreeDScanner.debug.xcconfig */;
			buildSettings = {
				ASSETCATALOG_COMPILER_APPICON_NAME = AppIcon;
				ASSETCATALOG_COMPILER_LAUNCHIMAGE_NAME = LaunchImage;
				CLANG_ENABLE_MODULES = YES;
				CODE_SIGN_STYLE = Automatic;
				DEVELOPMENT_TEAM = 73KM478VN4;
				ENABLE_BITCODE = NO;
				HEADER_SEARCH_PATHS = (
					"$(inherited)",
					"${PODS_ROOT}/Google/Headers",
					"$(inherited)",
					"\"${PODS_ROOT}/Headers/Public\"",
					"\"${PODS_ROOT}/Headers/Public/FirebaseAnalytics\"",
					"\"${PODS_ROOT}/Headers/Public/FirebaseCore\"",
					"\"${PODS_ROOT}/Headers/Public/FirebaseInstanceID\"",
					"\"${PODS_ROOT}/Headers/Public/Google\"",
					"\"${PODS_ROOT}/Headers/Public/GoogleSignIn\"",
					"\"$(PROJECT_DIR)/Libraries/PCL/include/pcl-1.8\"",
					"\"$(PROJECT_DIR)/Libraries/boost-ios-device/include\"",
					"\"$(PROJECT_DIR)/Libraries/eigen\"",
					"\"$(PROJECT_DIR)/Libraries/flann-ios-device/include\"",
				);
				INFOPLIST_FILE = ThreeDScanner/Info.plist;
				IPHONEOS_DEPLOYMENT_TARGET = 11.2;
				LD_RUNPATH_SEARCH_PATHS = "$(inherited) @executable_path/Frameworks";
				LIBRARY_SEARCH_PATHS = (
					"$(inherited)",
					"$(PROJECT_DIR)/Libraries/PCL/lib",
					"$(PROJECT_DIR)/Libraries/boost-ios-device/lib",
					"\"$(PROJECT_DIR)/Libraries/eigen\"",
					"$(PROJECT_DIR)/Libraries/flann-ios-device/lib",
				);
				PRODUCT_BUNDLE_IDENTIFIER = Stellanova.ThreeDScanner;
				PRODUCT_NAME = "$(TARGET_NAME)";
				SWIFT_OBJC_BRIDGING_HEADER = "Libraries/ThreeDScanner-Bridging-Header.h";
				SWIFT_OPTIMIZATION_LEVEL = "-Onone";
				SWIFT_VERSION = 4.0;
				TARGETED_DEVICE_FAMILY = "1,2";
			};
			name = Debug;
		};
		B063CB3E1FC744A100C20C8D /* Release */ = {
			isa = XCBuildConfiguration;
			baseConfigurationReference = D29A5A475B9F7E7A2D2107F5 /* Pods-ThreeDScanner.release.xcconfig */;
			buildSettings = {
				ASSETCATALOG_COMPILER_APPICON_NAME = AppIcon;
				ASSETCATALOG_COMPILER_LAUNCHIMAGE_NAME = LaunchImage;
				CLANG_ENABLE_MODULES = YES;
				CODE_SIGN_STYLE = Automatic;
				DEVELOPMENT_TEAM = 73KM478VN4;
				ENABLE_BITCODE = NO;
				HEADER_SEARCH_PATHS = (
					"$(inherited)",
					"${PODS_ROOT}/Google/Headers",
					"$(inherited)",
					"\"${PODS_ROOT}/Headers/Public\"",
					"\"${PODS_ROOT}/Headers/Public/FirebaseAnalytics\"",
					"\"${PODS_ROOT}/Headers/Public/FirebaseCore\"",
					"\"${PODS_ROOT}/Headers/Public/FirebaseInstanceID\"",
					"\"${PODS_ROOT}/Headers/Public/Google\"",
					"\"${PODS_ROOT}/Headers/Public/GoogleSignIn\"",
					"\"$(PROJECT_DIR)/Libraries/PCL/include/pcl-1.8\"",
					"\"$(PROJECT_DIR)/Libraries/boost-ios-device/include\"",
					"\"$(PROJECT_DIR)/Libraries/eigen\"",
					"\"$(PROJECT_DIR)/Libraries/flann-ios-device/include\"",
				);
				INFOPLIST_FILE = ThreeDScanner/Info.plist;
				IPHONEOS_DEPLOYMENT_TARGET = 11.2;
				LD_RUNPATH_SEARCH_PATHS = "$(inherited) @executable_path/Frameworks";
				LIBRARY_SEARCH_PATHS = (
					"$(inherited)",
					"$(PROJECT_DIR)/Libraries/PCL/lib",
					"$(PROJECT_DIR)/Libraries/boost-ios-device/lib",
					"\"$(PROJECT_DIR)/Libraries/eigen\"",
					"$(PROJECT_DIR)/Libraries/flann-ios-device/lib",
				);
				PRODUCT_BUNDLE_IDENTIFIER = Stellanova.ThreeDScanner;
				PRODUCT_NAME = "$(TARGET_NAME)";
				SWIFT_OBJC_BRIDGING_HEADER = "Libraries/ThreeDScanner-Bridging-Header.h";
				SWIFT_VERSION = 4.0;
				TARGETED_DEVICE_FAMILY = "1,2";
			};
			name = Release;
		};
		B063CB401FC744A100C20C8D /* Debug */ = {
			isa = XCBuildConfiguration;
			buildSettings = {
				ALWAYS_EMBED_SWIFT_STANDARD_LIBRARIES = YES;
				BUNDLE_LOADER = "$(TEST_HOST)";
				CODE_SIGN_STYLE = Automatic;
				DEVELOPMENT_TEAM = 73KM478VN4;
				INFOPLIST_FILE = ThreeDScannerTests/Info.plist;
				LD_RUNPATH_SEARCH_PATHS = "$(inherited) @executable_path/Frameworks @loader_path/Frameworks";
				PRODUCT_BUNDLE_IDENTIFIER = Stellanova.ThreeDScannerTests;
				PRODUCT_NAME = "$(TARGET_NAME)";
				SWIFT_VERSION = 4.0;
				TARGETED_DEVICE_FAMILY = "1,2";
				TEST_HOST = "$(BUILT_PRODUCTS_DIR)/ThreeDScanner.app/ThreeDScanner";
			};
			name = Debug;
		};
		B063CB411FC744A100C20C8D /* Release */ = {
			isa = XCBuildConfiguration;
			buildSettings = {
				ALWAYS_EMBED_SWIFT_STANDARD_LIBRARIES = YES;
				BUNDLE_LOADER = "$(TEST_HOST)";
				CODE_SIGN_STYLE = Automatic;
				DEVELOPMENT_TEAM = 73KM478VN4;
				INFOPLIST_FILE = ThreeDScannerTests/Info.plist;
				LD_RUNPATH_SEARCH_PATHS = "$(inherited) @executable_path/Frameworks @loader_path/Frameworks";
				PRODUCT_BUNDLE_IDENTIFIER = Stellanova.ThreeDScannerTests;
				PRODUCT_NAME = "$(TARGET_NAME)";
				SWIFT_VERSION = 4.0;
				TARGETED_DEVICE_FAMILY = "1,2";
				TEST_HOST = "$(BUILT_PRODUCTS_DIR)/ThreeDScanner.app/ThreeDScanner";
			};
			name = Release;
		};
		B063CB431FC744A100C20C8D /* Debug */ = {
			isa = XCBuildConfiguration;
			buildSettings = {
				ALWAYS_EMBED_SWIFT_STANDARD_LIBRARIES = YES;
				CODE_SIGN_STYLE = Automatic;
				DEVELOPMENT_TEAM = 73KM478VN4;
				INFOPLIST_FILE = ThreeDScannerUITests/Info.plist;
				LD_RUNPATH_SEARCH_PATHS = "$(inherited) @executable_path/Frameworks @loader_path/Frameworks";
				PRODUCT_BUNDLE_IDENTIFIER = Stellanova.ThreeDScannerUITests;
				PRODUCT_NAME = "$(TARGET_NAME)";
				SWIFT_VERSION = 4.0;
				TARGETED_DEVICE_FAMILY = "1,2";
				TEST_TARGET_NAME = ThreeDScanner;
			};
			name = Debug;
		};
		B063CB441FC744A100C20C8D /* Release */ = {
			isa = XCBuildConfiguration;
			buildSettings = {
				ALWAYS_EMBED_SWIFT_STANDARD_LIBRARIES = YES;
				CODE_SIGN_STYLE = Automatic;
				DEVELOPMENT_TEAM = 73KM478VN4;
				INFOPLIST_FILE = ThreeDScannerUITests/Info.plist;
				LD_RUNPATH_SEARCH_PATHS = "$(inherited) @executable_path/Frameworks @loader_path/Frameworks";
				PRODUCT_BUNDLE_IDENTIFIER = Stellanova.ThreeDScannerUITests;
				PRODUCT_NAME = "$(TARGET_NAME)";
				SWIFT_VERSION = 4.0;
				TARGETED_DEVICE_FAMILY = "1,2";
				TEST_TARGET_NAME = ThreeDScanner;
			};
			name = Release;
		};
/* End XCBuildConfiguration section */

/* Begin XCConfigurationList section */
		B063CB0D1FC744A000C20C8D /* Build configuration list for PBXProject "ThreeDScanner" */ = {
			isa = XCConfigurationList;
			buildConfigurations = (
				B063CB3A1FC744A100C20C8D /* Debug */,
				B063CB3B1FC744A100C20C8D /* Release */,
			);
			defaultConfigurationIsVisible = 0;
			defaultConfigurationName = Release;
		};
		B063CB3C1FC744A100C20C8D /* Build configuration list for PBXNativeTarget "ThreeDScanner" */ = {
			isa = XCConfigurationList;
			buildConfigurations = (
				B063CB3D1FC744A100C20C8D /* Debug */,
				B063CB3E1FC744A100C20C8D /* Release */,
			);
			defaultConfigurationIsVisible = 0;
			defaultConfigurationName = Release;
		};
		B063CB3F1FC744A100C20C8D /* Build configuration list for PBXNativeTarget "ThreeDScannerTests" */ = {
			isa = XCConfigurationList;
			buildConfigurations = (
				B063CB401FC744A100C20C8D /* Debug */,
				B063CB411FC744A100C20C8D /* Release */,
			);
			defaultConfigurationIsVisible = 0;
			defaultConfigurationName = Release;
		};
		B063CB421FC744A100C20C8D /* Build configuration list for PBXNativeTarget "ThreeDScannerUITests" */ = {
			isa = XCConfigurationList;
			buildConfigurations = (
				B063CB431FC744A100C20C8D /* Debug */,
				B063CB441FC744A100C20C8D /* Release */,
			);
			defaultConfigurationIsVisible = 0;
			defaultConfigurationName = Release;
		};
/* End XCConfigurationList section */
	};
	rootObject = B063CB0A1FC744A000C20C8D /* Project object */;
}
